
Microsoft Visual Studio Solution File, Format Version 12.00
# Visual Studio 14
VisualStudioVersion = 14.0.24720.0
MinimumVisualStudioVersion = 10.0.40219.1
Project("{FAE04EC0-301F-11D3-BF4B-00C04F79EFBC}") = "StringProblems", "StringProblems\StringProblems.csproj", "{D578FE77-367E-442A-875D-97438AE67598}"
EndProject
Project("{FAE04EC0-301F-11D3-BF4B-00C04F79EFBC}") = "NumberManipulation", "..\NumberManipulation\NumberManipulation\NumberManipulation.csproj", "{1E0786DD-4FC4-40C0-8D14-17E0726BF4B8}"
EndProject
Global
	GlobalSection(SolutionConfigurationPlatforms) = preSolution
		Debug|Any CPU = Debug|Any CPU
		Release|Any CPU = Release|Any CPU
	EndGlobalSection
	GlobalSection(ProjectConfigurationPlatforms) = postSolution
		{D578FE77-367E-442A-875D-97438AE67598}.Debug|Any CPU.ActiveCfg = Debug|Any CPU
		{D578FE77-367E-442A-875D-97438AE67598}.Debug|Any CPU.Build.0 = Debug|Any CPU
		{D578FE77-367E-442A-875D-97438AE67598}.Release|Any CPU.ActiveCfg = Release|Any CPU
		{D578FE77-367E-442A-875D-97438AE67598}.Release|Any CPU.Build.0 = Release|Any CPU
		{1E0786DD-4FC4-40C0-8D14-17E0726BF4B8}.Debug|Any CPU.ActiveCfg = Debug|Any CPU
		{1E0786DD-4FC4-40C0-8D14-17E0726BF4B8}.Debug|Any CPU.Build.0 = Debug|Any CPU
		{1E0786DD-4FC4-40C0-8D14-17E0726BF4B8}.Release|Any CPU.ActiveCfg = Release|Any CPU
		{1E0786DD-4FC4-40C0-8D14-17E0726BF4B8}.Release|Any CPU.Build.0 = Release|Any CPU
	EndGlobalSection
	GlobalSection(SolutionProperties) = preSolution
		HideSolutionNode = FALSE
	EndGlobalSection
EndGlobal
